# This file is autogenerated, do not edit; changes may be undone by the next 'dep ensure'.


[[projects]]
  branch = "develop"
  name = "github.com/c3systems/c3"
  packages = [
    "common/stringutil",
    "config",
    "core/server",
    "logger/hooks"
  ]
  revision = "a35b850217d9af710cb753de5f6f5364ef54f95a"

[[projects]]
  name = "github.com/c3systems/sdk-go"
  packages = ["."]
  revision = "ee8d0cf6585bbba07a7c94bda6b9900ec2f979fe"
  version = "v0.0.3"

[[projects]]
  name = "github.com/sirupsen/logrus"
  packages = ["."]
  revision = "c155da19408a8799da419ed3eeb0cb5db0ad5dbc"
  version = "v1.0.5"

[[projects]]
  branch = "master"
  name = "golang.org/x/crypto"
  packages = ["ssh/terminal"]
  revision = "a2144134853fc9a27a7b1e3eb4f19f1a76df13c9"

[[projects]]
  branch = "master"
  name = "golang.org/x/sys"
  packages = [
    "unix",
    "windows"
  ]
  revision = "ac767d655b305d4e9612f5f6e33120b9176c4ad4"

[solve-meta]
  analyzer-name = "dep"
  analyzer-version = 1
  inputs-digest = "7550c767d50488a870ff26cac5c67c10b41b9eadf7c257324b2c51e0a98e80e5"
  solver-name = "gps-cdcl"
  solver-version = 1
