# This file is autogenerated, do not edit; changes may be undone by the next 'dep ensure'.


[[projects]]
  branch = "develop"
  name = "github.com/c3systems/c3-go"
  packages = [
    "common/hashing",
    "common/hexutil",
    "common/stringutil",
    "config",
    "core/server",
    "log/hooks"
  ]
  revision = "4804a49999d9680a94cc3dab7fbb580992a9ff7d"

[[projects]]
  branch = "develop"
  name = "github.com/c3systems/c3-sdk-go"
  packages = ["."]
  revision = "e636b9184714b63cc0becd6d918da718e05880cb"

[[projects]]
  name = "github.com/sirupsen/logrus"
  packages = ["."]
  revision = "3e01752db0189b9157070a0e1668a620f9a85da2"
  version = "v1.0.6"

[[projects]]
  branch = "master"
  name = "golang.org/x/crypto"
  packages = ["ssh/terminal"]
  revision = "c126467f60eb25f8f27e5a981f32a87e3965053f"

[[projects]]
  branch = "master"
  name = "golang.org/x/sys"
  packages = [
    "unix",
    "windows"
  ]
  revision = "ac767d655b305d4e9612f5f6e33120b9176c4ad4"

[solve-meta]
  analyzer-name = "dep"
  analyzer-version = 1
  inputs-digest = "66dbe5d8448f437748c23f594c9feca76de5e2ec6d7f9fc82ad375e5e5c84bee"
  solver-name = "gps-cdcl"
  solver-version = 1
