# This file is autogenerated, do not edit; changes may be undone by the next 'dep ensure'.


[[projects]]
  branch = "master"
  name = "github.com/c3systems/c3"
  packages = [
    "c3",
    "config",
    "core/server"
  ]
  revision = "7533e0ef27b6b68e2f7b2b358cdfb0e8a9f23ba6"

[solve-meta]
  analyzer-name = "dep"
  analyzer-version = 1
  inputs-digest = "f76b6a568339bcb59fc8b271eeb8e9e82bbad73a51197e0d59ddf9f041647fc5"
  solver-name = "gps-cdcl"
  solver-version = 1
